{
  "nodes": {
    "nixpkgs": {
      "locked": {
        "lastModified": 1751274312,
        "narHash": "sha256-/bVBlRpECLVzjV19t5KMdMFWSwKLtb5RyXdjz3LJT+g=",
        "owner": "NixOS",
        "repo": "nixpkgs",
        "rev": "50ab793786d9de88ee30ec4e4c24fb4236fc2674",
        "type": "github"
      },
      "original": {
        "owner": "NixOS",
        "ref": "nixos-24.11",
        "repo": "nixpkgs",
        "type": "github"
      }
    },
    "nixpkgs-fork": {
      "locked": {
        "lastModified": 1747279156,
        "narHash": "sha256-XF0mB7NMiM2znqEAIExedvppiZ2cgvaXlKn9umgrY5g=",
        "owner": "samhatter",
        "repo": "nixpkgs",
        "rev": "37d97743a72b0fa7e0bd7b1c05b488330985e642",
        "type": "github"
      },
      "original": {
        "owner": "samhatter",
        "ref": "adding-StartupWMClass-to-plex-desktop",
        "repo": "nixpkgs",
        "type": "github"
      }
    },
    "nixpkgs-unstable": {
      "locked": {
        "lastModified": 1756536218,
        "narHash": "sha256-ynQxPVN2FIPheUgTFhv01gYLbaiSOS7NgWJPm9LF9D0=",
        "owner": "NixOS",
        "repo": "nixpkgs",
        "rev": "a918bb3594dd243c2f8534b3be01b3cb4ed35fd1",
        "type": "github"
      },
      "original": {
        "owner": "NixOS",
        "ref": "nixpkgs-unstable",
        "repo": "nixpkgs",
        "type": "github"
      }
    },
    "root": {
      "inputs": {
        "nixpkgs": "nixpkgs",
        "nixpkgs-fork": "nixpkgs-fork",
        "nixpkgs-unstable": "nixpkgs-unstable",
        "sops-nix": "sops-nix"
      }
    },
    "sops-nix": {
      "inputs": {
        "nixpkgs": [
          "nixpkgs"
        ]
      },
      "locked": {
        "lastModified": 1754988908,
        "narHash": "sha256-t+voe2961vCgrzPFtZxha0/kmFSHFobzF00sT8p9h0U=",
        "owner": "Mic92",
        "repo": "sops-nix",
        "rev": "3223c7a92724b5d804e9988c6b447a0d09017d48",
        "type": "github"
      },
      "original": {
        "owner": "Mic92",
        "repo": "sops-nix",
        "type": "github"
      }
    }
  },
  "root": "root",
  "version": 7
}
